
Microsoft Visual Studio Solution File, Format Version 12.00
# Visual Studio Version 17
VisualStudioVersion = 17.5.33627.172
MinimumVisualStudioVersion = 10.0.40219.1
Project("{FAE04EC0-301F-11D3-BF4B-00C04F79EFBC}") = "Bai4", "Bai4\Bai4.csproj", "{BF2676BF-50F1-4348-89DB-1E886ABD24DE}"
EndProject
Global
	GlobalSection(SolutionConfigurationPlatforms) = preSolution
		Debug|Any CPU = Debug|Any CPU
		Release|Any CPU = Release|Any CPU
	EndGlobalSection
	GlobalSection(ProjectConfigurationPlatforms) = postSolution
		{BF2676BF-50F1-4348-89DB-1E886ABD24DE}.Debug|Any CPU.ActiveCfg = Debug|Any CPU
		{BF2676BF-50F1-4348-89DB-1E886ABD24DE}.Debug|Any CPU.Build.0 = Debug|Any CPU
		{BF2676BF-50F1-4348-89DB-1E886ABD24DE}.Release|Any CPU.ActiveCfg = Release|Any CPU
		{BF2676BF-50F1-4348-89DB-1E886ABD24DE}.Release|Any CPU.Build.0 = Release|Any CPU
	EndGlobalSection
	GlobalSection(SolutionProperties) = preSolution
		HideSolutionNode = FALSE
	EndGlobalSection
	GlobalSection(ExtensibilityGlobals) = postSolution
		SolutionGuid = {E497C042-196F-4819-90EB-2754DC75369B}
	EndGlobalSection
EndGlobal
